{
  "lockfile_version": "1",
  "packages": {
    "poetry": {
      "plugin_version": "0.0.4",
      "resolved": "github:NixOS/nixpkgs/75a52265bda7fd25e06e3a67dee3f0354e73243c#poetry",
      "source": "nixpkg"
    },
    "pre-commit@latest": {
      "last_modified": "2024-03-22T07:26:23-04:00",
      "resolved": "github:NixOS/nixpkgs/a3ed7406349a9335cb4c2a71369b697cecd9d351#pre-commit",
      "source": "devbox-search",
      "version": "3.6.2",
      "systems": {
        "aarch64-darwin": {
          "outputs": [
            {
              "name": "out",
              "path": "/nix/store/6wl4vr3gjkjqmmfdraliiy12ji0i9kr1-pre-commit-3.6.2",
              "default": true
            },
            {
              "name": "dist",
              "path": "/nix/store/f1wq1h2xaxswjh2pflrkx1kxid23lrb2-pre-commit-3.6.2-dist"
            }
          ],
          "store_path": "/nix/store/6wl4vr3gjkjqmmfdraliiy12ji0i9kr1-pre-commit-3.6.2"
        },
        "aarch64-linux": {
          "outputs": [
            {
              "name": "out",
              "path": "/nix/store/nx7rp9yi4nyyqlr12cgi3awrxx30bbbl-pre-commit-3.6.2",
              "default": true
            },
            {
              "name": "dist",
              "path": "/nix/store/3ca413zlf3mvs7amxsn9pkravxn4gsqv-pre-commit-3.6.2-dist"
            }
          ],
          "store_path": "/nix/store/nx7rp9yi4nyyqlr12cgi3awrxx30bbbl-pre-commit-3.6.2"
        },
        "x86_64-darwin": {
          "outputs": [
            {
              "name": "out",
              "path": "/nix/store/fv6fq7brr23d74igw1zs375gv5bznlyf-pre-commit-3.6.2",
              "default": true
            },
            {
              "name": "dist",
              "path": "/nix/store/6ak59jmmyaapd1x1xrcm8mvc81r4r5rl-pre-commit-3.6.2-dist"
            }
          ],
          "store_path": "/nix/store/fv6fq7brr23d74igw1zs375gv5bznlyf-pre-commit-3.6.2"
        },
        "x86_64-linux": {
          "outputs": [
            {
              "name": "out",
              "path": "/nix/store/4b3pm5rzbrr4ia0hhqag47d1r6qc2qyl-pre-commit-3.6.2",
              "default": true
            },
            {
              "name": "dist",
              "path": "/nix/store/9s8jf0fnli69jq28hsjwaqslzap5xr6p-pre-commit-3.6.2-dist"
            }
          ],
          "store_path": "/nix/store/4b3pm5rzbrr4ia0hhqag47d1r6qc2qyl-pre-commit-3.6.2"
        }
      }
    },
    "python3": {
      "plugin_version": "0.0.3",
      "resolved": "github:NixOS/nixpkgs/75a52265bda7fd25e06e3a67dee3f0354e73243c#python3",
      "source": "nixpkg"
    }
  }
}
